
Microsoft Visual Studio Solution File, Format Version 11.00
# Visual Studio 2010
Project("{FAE04EC0-301F-11D3-BF4B-00C04F79EFBC}") = "FirstMVC", "FirstMVC\FirstMVC.csproj", "{928DE8EB-3F6B-4DEF-B685-953977A93DBD}"
EndProject
Global
	GlobalSection(SolutionConfigurationPlatforms) = preSolution
		Debug|Any CPU = Debug|Any CPU
		Release|Any CPU = Release|Any CPU
	EndGlobalSection
	GlobalSection(ProjectConfigurationPlatforms) = postSolution
		{928DE8EB-3F6B-4DEF-B685-953977A93DBD}.Debug|Any CPU.ActiveCfg = Debug|Any CPU
		{928DE8EB-3F6B-4DEF-B685-953977A93DBD}.Debug|Any CPU.Build.0 = Debug|Any CPU
		{928DE8EB-3F6B-4DEF-B685-953977A93DBD}.Release|Any CPU.ActiveCfg = Release|Any CPU
		{928DE8EB-3F6B-4DEF-B685-953977A93DBD}.Release|Any CPU.Build.0 = Release|Any CPU
	EndGlobalSection
	GlobalSection(SolutionProperties) = preSolution
		HideSolutionNode = FALSE
	EndGlobalSection
EndGlobal
